// !$*UTF8*$!
{
	archiveVersion = 1;
	classes = {
	};
	objectVersion = 77;
	objects = {

/* Begin PBXBuildFile section */
		35D2A6132E4BB39C004BCF95 /* Assets.xcassets in Resources */ = {isa = PBXBuildFile; fileRef = 35D2A60A2E4BB39C004BCF95 /* Assets.xcassets */; };
		35D2A6202E4BB3D7004BCF95 /* LaunchScreen.storyboard in Resources */ = {isa = PBXBuildFile; fileRef = 35D2A61D2E4BB3D7004BCF95 /* LaunchScreen.storyboard */; };
		35D2A6212E4BB3D7004BCF95 /* AppDelegate.swift in Sources */ = {isa = PBXBuildFile; fileRef = 35D2A61B2E4BB3D7004BCF95 /* AppDelegate.swift */; };
		35D2A6222E4BB3D7004BCF95 /* SceneDelegate.swift in Sources */ = {isa = PBXBuildFile; fileRef = 35D2A61E2E4BB3D7004BCF95 /* SceneDelegate.swift */; };
		35D2A6252E4BB78B004BCF95 /* ApiModel.swift in Sources */ = {isa = PBXBuildFile; fileRef = 35D2A6242E4BB78B004BCF95 /* ApiModel.swift */; };
		35D2A6272E4BB7BC004BCF95 /* TaskModel.swift in Sources */ = {isa = PBXBuildFile; fileRef = 35D2A6262E4BB7BC004BCF95 /* TaskModel.swift */; };
		35D2A6292E4BB873004BCF95 /* CoreDataStack.swift in Sources */ = {isa = PBXBuildFile; fileRef = 35D2A6282E4BB873004BCF95 /* CoreDataStack.swift */; };
		35D2A6352E4BD2F5004BCF95 /* NetworkService.swift in Sources */ = {isa = PBXBuildFile; fileRef = 35D2A6342E4BD2F5004BCF95 /* NetworkService.swift */; };
		35D2A6382E4BD399004BCF95 /* TaskViewProtocol.swift in Sources */ = {isa = PBXBuildFile; fileRef = 35D2A6372E4BD399004BCF95 /* TaskViewProtocol.swift */; };
		35D2A6392E4BD399004BCF95 /* TaskViewProtocol.swift in Sources */ = {isa = PBXBuildFile; fileRef = 35D2A6372E4BD399004BCF95 /* TaskViewProtocol.swift */; };
		35D2A63B2E4BD417004BCF95 /* TaskInteractor.swift in Sources */ = {isa = PBXBuildFile; fileRef = 35D2A63A2E4BD417004BCF95 /* TaskInteractor.swift */; };
		35D2A63C2E4BD417004BCF95 /* TaskInteractor.swift in Sources */ = {isa = PBXBuildFile; fileRef = 35D2A63A2E4BD417004BCF95 /* TaskInteractor.swift */; };
		35D2A63E2E4BD433004BCF95 /* TaskPresenter.swift in Sources */ = {isa = PBXBuildFile; fileRef = 35D2A63D2E4BD433004BCF95 /* TaskPresenter.swift */; };
		35D2A63F2E4BD433004BCF95 /* TaskPresenter.swift in Sources */ = {isa = PBXBuildFile; fileRef = 35D2A63D2E4BD433004BCF95 /* TaskPresenter.swift */; };
		35D2A6412E4BD53E004BCF95 /* TaskRouter.swift in Sources */ = {isa = PBXBuildFile; fileRef = 35D2A6402E4BD53E004BCF95 /* TaskRouter.swift */; };
		35D2A6422E4BD53E004BCF95 /* TaskRouter.swift in Sources */ = {isa = PBXBuildFile; fileRef = 35D2A6402E4BD53E004BCF95 /* TaskRouter.swift */; };
		35D2A6442E4BD551004BCF95 /* TaskViewController.swift in Sources */ = {isa = PBXBuildFile; fileRef = 35D2A6432E4BD551004BCF95 /* TaskViewController.swift */; };
		35D2A6452E4BD551004BCF95 /* TaskViewController.swift in Sources */ = {isa = PBXBuildFile; fileRef = 35D2A6432E4BD551004BCF95 /* TaskViewController.swift */; };
		35D2A65A2E4BF83F004BCF95 /* ToDoModel.xcdatamodeld in Sources */ = {isa = PBXBuildFile; fileRef = 35D2A6582E4BF83F004BCF95 /* ToDoModel.xcdatamodeld */; };
		35D2A65D2E4BF8F0004BCF95 /* TaskEntity+CoreDataClass.swift in Sources */ = {isa = PBXBuildFile; fileRef = 35D2A65B2E4BF8F0004BCF95 /* TaskEntity+CoreDataClass.swift */; };
		35D2A65E2E4BF8F0004BCF95 /* TaskEntity+CoreDataProperties.swift in Sources */ = {isa = PBXBuildFile; fileRef = 35D2A65C2E4BF8F0004BCF95 /* TaskEntity+CoreDataProperties.swift */; };
		35D2A65F2E4BF8F0004BCF95 /* TaskEntity+CoreDataClass.swift in Sources */ = {isa = PBXBuildFile; fileRef = 35D2A65B2E4BF8F0004BCF95 /* TaskEntity+CoreDataClass.swift */; };
		35D2A6602E4BF8F0004BCF95 /* TaskEntity+CoreDataProperties.swift in Sources */ = {isa = PBXBuildFile; fileRef = 35D2A65C2E4BF8F0004BCF95 /* TaskEntity+CoreDataProperties.swift */; };
		35D2A6632E4BFAF0004BCF95 /* TaskTableViewCell.swift in Sources */ = {isa = PBXBuildFile; fileRef = 35D2A6622E4BFAF0004BCF95 /* TaskTableViewCell.swift */; };
		35D2A6642E4BFAF0004BCF95 /* TaskTableViewCell.swift in Sources */ = {isa = PBXBuildFile; fileRef = 35D2A6622E4BFAF0004BCF95 /* TaskTableViewCell.swift */; };
/* End PBXBuildFile section */

/* Begin PBXContainerItemProxy section */
		35D2A5EC2E4BA940004BCF95 /* PBXContainerItemProxy */ = {
			isa = PBXContainerItemProxy;
			containerPortal = 35D2A5CA2E4BA93C004BCF95 /* Project object */;
			proxyType = 1;
			remoteGlobalIDString = 35D2A5D12E4BA93C004BCF95;
			remoteInfo = ToDoTracker;
		};
		35D2A5F62E4BA940004BCF95 /* PBXContainerItemProxy */ = {
			isa = PBXContainerItemProxy;
			containerPortal = 35D2A5CA2E4BA93C004BCF95 /* Project object */;
			proxyType = 1;
			remoteGlobalIDString = 35D2A5D12E4BA93C004BCF95;
			remoteInfo = ToDoTracker;
		};
/* End PBXContainerItemProxy section */

/* Begin PBXFileReference section */
		35D2A5D22E4BA93C004BCF95 /* ToDoTracker.app */ = {isa = PBXFileReference; explicitFileType = wrapper.application; includeInIndex = 0; path = ToDoTracker.app; sourceTree = BUILT_PRODUCTS_DIR; };
		35D2A5EB2E4BA940004BCF95 /* ToDoTrackerTests.xctest */ = {isa = PBXFileReference; explicitFileType = wrapper.cfbundle; includeInIndex = 0; path = ToDoTrackerTests.xctest; sourceTree = BUILT_PRODUCTS_DIR; };
		35D2A5F52E4BA940004BCF95 /* ToDoTrackerUITests.xctest */ = {isa = PBXFileReference; explicitFileType = wrapper.cfbundle; includeInIndex = 0; path = ToDoTrackerUITests.xctest; sourceTree = BUILT_PRODUCTS_DIR; };
		35D2A60A2E4BB39C004BCF95 /* Assets.xcassets */ = {isa = PBXFileReference; lastKnownFileType = folder.assetcatalog; path = Assets.xcassets; sourceTree = "<group>"; };
		35D2A60B2E4BB39C004BCF95 /* Info.plist */ = {isa = PBXFileReference; lastKnownFileType = text.plist.xml; path = Info.plist; sourceTree = "<group>"; };
		35D2A61B2E4BB3D7004BCF95 /* AppDelegate.swift */ = {isa = PBXFileReference; lastKnownFileType = sourcecode.swift; path = AppDelegate.swift; sourceTree = "<group>"; };
		35D2A61C2E4BB3D7004BCF95 /* Base */ = {isa = PBXFileReference; lastKnownFileType = file.storyboard; name = Base; path = Base.lproj/LaunchScreen.storyboard; sourceTree = "<group>"; };
		35D2A61E2E4BB3D7004BCF95 /* SceneDelegate.swift */ = {isa = PBXFileReference; lastKnownFileType = sourcecode.swift; path = SceneDelegate.swift; sourceTree = "<group>"; };
		35D2A6242E4BB78B004BCF95 /* ApiModel.swift */ = {isa = PBXFileReference; lastKnownFileType = sourcecode.swift; path = ApiModel.swift; sourceTree = "<group>"; };
		35D2A6262E4BB7BC004BCF95 /* TaskModel.swift */ = {isa = PBXFileReference; lastKnownFileType = sourcecode.swift; path = TaskModel.swift; sourceTree = "<group>"; };
		35D2A6282E4BB873004BCF95 /* CoreDataStack.swift */ = {isa = PBXFileReference; lastKnownFileType = sourcecode.swift; path = CoreDataStack.swift; sourceTree = "<group>"; };
		35D2A6342E4BD2F5004BCF95 /* NetworkService.swift */ = {isa = PBXFileReference; lastKnownFileType = sourcecode.swift; path = NetworkService.swift; sourceTree = "<group>"; };
		35D2A6372E4BD399004BCF95 /* TaskViewProtocol.swift */ = {isa = PBXFileReference; lastKnownFileType = sourcecode.swift; path = TaskViewProtocol.swift; sourceTree = "<group>"; };
		35D2A63A2E4BD417004BCF95 /* TaskInteractor.swift */ = {isa = PBXFileReference; lastKnownFileType = sourcecode.swift; path = TaskInteractor.swift; sourceTree = "<group>"; };
		35D2A63D2E4BD433004BCF95 /* TaskPresenter.swift */ = {isa = PBXFileReference; lastKnownFileType = sourcecode.swift; path = TaskPresenter.swift; sourceTree = "<group>"; };
		35D2A6402E4BD53E004BCF95 /* TaskRouter.swift */ = {isa = PBXFileReference; lastKnownFileType = sourcecode.swift; path = TaskRouter.swift; sourceTree = "<group>"; };
		35D2A6432E4BD551004BCF95 /* TaskViewController.swift */ = {isa = PBXFileReference; lastKnownFileType = sourcecode.swift; path = TaskViewController.swift; sourceTree = "<group>"; };
		35D2A6592E4BF83F004BCF95 /* ToDoModel.xcdatamodel */ = {isa = PBXFileReference; lastKnownFileType = wrapper.xcdatamodel; path = ToDoModel.xcdatamodel; sourceTree = "<group>"; };
		35D2A65B2E4BF8F0004BCF95 /* TaskEntity+CoreDataClass.swift */ = {isa = PBXFileReference; lastKnownFileType = sourcecode.swift; name = "TaskEntity+CoreDataClass.swift"; path = "../../../TaskEntity+CoreDataClass.swift"; sourceTree = "<group>"; };
		35D2A65C2E4BF8F0004BCF95 /* TaskEntity+CoreDataProperties.swift */ = {isa = PBXFileReference; lastKnownFileType = sourcecode.swift; name = "TaskEntity+CoreDataProperties.swift"; path = "../../../TaskEntity+CoreDataProperties.swift"; sourceTree = "<group>"; };
		35D2A6622E4BFAF0004BCF95 /* TaskTableViewCell.swift */ = {isa = PBXFileReference; lastKnownFileType = sourcecode.swift; path = TaskTableViewCell.swift; sourceTree = "<group>"; };
/* End PBXFileReference section */

/* Begin PBXFileSystemSynchronizedRootGroup section */
		35D2A5EE2E4BA940004BCF95 /* ToDoTrackerTests */ = {
			isa = PBXFileSystemSynchronizedRootGroup;
			path = ToDoTrackerTests;
			sourceTree = "<group>";
		};
		35D2A5F82E4BA940004BCF95 /* ToDoTrackerUITests */ = {
			isa = PBXFileSystemSynchronizedRootGroup;
			path = ToDoTrackerUITests;
			sourceTree = "<group>";
		};
/* End PBXFileSystemSynchronizedRootGroup section */

/* Begin PBXFrameworksBuildPhase section */
		35D2A5CF2E4BA93C004BCF95 /* Frameworks */ = {
			isa = PBXFrameworksBuildPhase;
			buildActionMask = 2147483647;
			files = (
			);
			runOnlyForDeploymentPostprocessing = 0;
		};
		35D2A5E82E4BA940004BCF95 /* Frameworks */ = {
			isa = PBXFrameworksBuildPhase;
			buildActionMask = 2147483647;
			files = (
			);
			runOnlyForDeploymentPostprocessing = 0;
		};
		35D2A5F22E4BA940004BCF95 /* Frameworks */ = {
			isa = PBXFrameworksBuildPhase;
			buildActionMask = 2147483647;
			files = (
			);
			runOnlyForDeploymentPostprocessing = 0;
		};
/* End PBXFrameworksBuildPhase section */

/* Begin PBXGroup section */
		35D2A5C92E4BA93C004BCF95 = {
			isa = PBXGroup;
			children = (
				35D2A6112E4BB39C004BCF95 /* ToDoTracker */,
				35D2A5EE2E4BA940004BCF95 /* ToDoTrackerTests */,
				35D2A5F82E4BA940004BCF95 /* ToDoTrackerUITests */,
				35D2A5D32E4BA93C004BCF95 /* Products */,
			);
			sourceTree = "<group>";
		};
		35D2A5D32E4BA93C004BCF95 /* Products */ = {
			isa = PBXGroup;
			children = (
				35D2A5D22E4BA93C004BCF95 /* ToDoTracker.app */,
				35D2A5EB2E4BA940004BCF95 /* ToDoTrackerTests.xctest */,
				35D2A5F52E4BA940004BCF95 /* ToDoTrackerUITests.xctest */,
			);
			name = Products;
			sourceTree = "<group>";
		};
		35D2A6112E4BB39C004BCF95 /* ToDoTracker */ = {
			isa = PBXGroup;
			children = (
				35D2A61F2E4BB3D7004BCF95 /* LifeCycle */,
				35D2A6332E4BD2DF004BCF95 /* Network */,
				35D2A6232E4BB77A004BCF95 /* Models */,
				35D2A6312E4BD205004BCF95 /* Modules */,
				35D2A60A2E4BB39C004BCF95 /* Assets.xcassets */,
				35D2A60B2E4BB39C004BCF95 /* Info.plist */,
			);
			path = ToDoTracker;
			sourceTree = "<group>";
		};
		35D2A61F2E4BB3D7004BCF95 /* LifeCycle */ = {
			isa = PBXGroup;
			children = (
				35D2A61B2E4BB3D7004BCF95 /* AppDelegate.swift */,
				35D2A61E2E4BB3D7004BCF95 /* SceneDelegate.swift */,
				35D2A61D2E4BB3D7004BCF95 /* LaunchScreen.storyboard */,
			);
			path = LifeCycle;
			sourceTree = "<group>";
		};
		35D2A6232E4BB77A004BCF95 /* Models */ = {
			isa = PBXGroup;
			children = (
				35D2A6242E4BB78B004BCF95 /* ApiModel.swift */,
				35D2A6262E4BB7BC004BCF95 /* TaskModel.swift */,
				35D2A6652E4C00D2004BCF95 /* CoreData */,
			);
			path = Models;
			sourceTree = "<group>";
		};
		35D2A6302E4BD1E8004BCF95 /* TaskEntity */ = {
			isa = PBXGroup;
			children = (
				35D2A65B2E4BF8F0004BCF95 /* TaskEntity+CoreDataClass.swift */,
				35D2A65C2E4BF8F0004BCF95 /* TaskEntity+CoreDataProperties.swift */,
			);
			path = TaskEntity;
			sourceTree = "<group>";
		};
		35D2A6312E4BD205004BCF95 /* Modules */ = {
			isa = PBXGroup;
			children = (
				35D2A6322E4BD254004BCF95 /* TaskModule */,
			);
			path = Modules;
			sourceTree = "<group>";
		};
		35D2A6322E4BD254004BCF95 /* TaskModule */ = {
			isa = PBXGroup;
			children = (
				35D2A6612E4BFACF004BCF95 /* Components */,
				35D2A6362E4BD359004BCF95 /* VIPER */,
			);
			path = TaskModule;
			sourceTree = "<group>";
		};
		35D2A6332E4BD2DF004BCF95 /* Network */ = {
			isa = PBXGroup;
			children = (
				35D2A6342E4BD2F5004BCF95 /* NetworkService.swift */,
			);
			path = Network;
			sourceTree = "<group>";
		};
		35D2A6362E4BD359004BCF95 /* VIPER */ = {
			isa = PBXGroup;
			children = (
				35D2A6372E4BD399004BCF95 /* TaskViewProtocol.swift */,
				35D2A6432E4BD551004BCF95 /* TaskViewController.swift */,
				35D2A63A2E4BD417004BCF95 /* TaskInteractor.swift */,
				35D2A63D2E4BD433004BCF95 /* TaskPresenter.swift */,
				35D2A6402E4BD53E004BCF95 /* TaskRouter.swift */,
			);
			path = VIPER;
			sourceTree = "<group>";
		};
		35D2A6612E4BFACF004BCF95 /* Components */ = {
			isa = PBXGroup;
			children = (
				35D2A6622E4BFAF0004BCF95 /* TaskTableViewCell.swift */,
			);
			path = Components;
			sourceTree = "<group>";
		};
		35D2A6652E4C00D2004BCF95 /* CoreData */ = {
			isa = PBXGroup;
			children = (
				35D2A6282E4BB873004BCF95 /* CoreDataStack.swift */,
				35D2A6302E4BD1E8004BCF95 /* TaskEntity */,
				35D2A6582E4BF83F004BCF95 /* ToDoModel.xcdatamodeld */,
			);
			path = CoreData;
			sourceTree = "<group>";
		};
/* End PBXGroup section */

/* Begin PBXNativeTarget section */
		35D2A5D12E4BA93C004BCF95 /* ToDoTracker */ = {
			isa = PBXNativeTarget;
			buildConfigurationList = 35D2A5FE2E4BA940004BCF95 /* Build configuration list for PBXNativeTarget "ToDoTracker" */;
			buildPhases = (
				35D2A5CE2E4BA93C004BCF95 /* Sources */,
				35D2A5CF2E4BA93C004BCF95 /* Frameworks */,
				35D2A5D02E4BA93C004BCF95 /* Resources */,
			);
			buildRules = (
			);
			dependencies = (
			);
			name = ToDoTracker;
			packageProductDependencies = (
			);
			productName = ToDoTracker;
			productReference = 35D2A5D22E4BA93C004BCF95 /* ToDoTracker.app */;
			productType = "com.apple.product-type.application";
		};
		35D2A5EA2E4BA940004BCF95 /* ToDoTrackerTests */ = {
			isa = PBXNativeTarget;
			buildConfigurationList = 35D2A6032E4BA940004BCF95 /* Build configuration list for PBXNativeTarget "ToDoTrackerTests" */;
			buildPhases = (
				35D2A5E72E4BA940004BCF95 /* Sources */,
				35D2A5E82E4BA940004BCF95 /* Frameworks */,
				35D2A5E92E4BA940004BCF95 /* Resources */,
			);
			buildRules = (
			);
			dependencies = (
				35D2A5ED2E4BA940004BCF95 /* PBXTargetDependency */,
			);
			fileSystemSynchronizedGroups = (
				35D2A5EE2E4BA940004BCF95 /* ToDoTrackerTests */,
			);
			name = ToDoTrackerTests;
			packageProductDependencies = (
			);
			productName = ToDoTrackerTests;
			productReference = 35D2A5EB2E4BA940004BCF95 /* ToDoTrackerTests.xctest */;
			productType = "com.apple.product-type.bundle.unit-test";
		};
		35D2A5F42E4BA940004BCF95 /* ToDoTrackerUITests */ = {
			isa = PBXNativeTarget;
			buildConfigurationList = 35D2A6062E4BA940004BCF95 /* Build configuration list for PBXNativeTarget "ToDoTrackerUITests" */;
			buildPhases = (
				35D2A5F12E4BA940004BCF95 /* Sources */,
				35D2A5F22E4BA940004BCF95 /* Frameworks */,
				35D2A5F32E4BA940004BCF95 /* Resources */,
			);
			buildRules = (
			);
			dependencies = (
				35D2A5F72E4BA940004BCF95 /* PBXTargetDependency */,
			);
			fileSystemSynchronizedGroups = (
				35D2A5F82E4BA940004BCF95 /* ToDoTrackerUITests */,
			);
			name = ToDoTrackerUITests;
			packageProductDependencies = (
			);
			productName = ToDoTrackerUITests;
			productReference = 35D2A5F52E4BA940004BCF95 /* ToDoTrackerUITests.xctest */;
			productType = "com.apple.product-type.bundle.ui-testing";
		};
/* End PBXNativeTarget section */

/* Begin PBXProject section */
		35D2A5CA2E4BA93C004BCF95 /* Project object */ = {
			isa = PBXProject;
			attributes = {
				BuildIndependentTargetsInParallel = 1;
				LastSwiftUpdateCheck = 1640;
				LastUpgradeCheck = 1640;
				TargetAttributes = {
					35D2A5D12E4BA93C004BCF95 = {
						CreatedOnToolsVersion = 16.4;
					};
					35D2A5EA2E4BA940004BCF95 = {
						CreatedOnToolsVersion = 16.4;
						TestTargetID = 35D2A5D12E4BA93C004BCF95;
					};
					35D2A5F42E4BA940004BCF95 = {
						CreatedOnToolsVersion = 16.4;
						TestTargetID = 35D2A5D12E4BA93C004BCF95;
					};
				};
			};
			buildConfigurationList = 35D2A5CD2E4BA93C004BCF95 /* Build configuration list for PBXProject "ToDoTracker" */;
			developmentRegion = en;
			hasScannedForEncodings = 0;
			knownRegions = (
				en,
				Base,
			);
			mainGroup = 35D2A5C92E4BA93C004BCF95;
			minimizedProjectReferenceProxies = 1;
			preferredProjectObjectVersion = 77;
			productRefGroup = 35D2A5D32E4BA93C004BCF95 /* Products */;
			projectDirPath = "";
			projectRoot = "";
			targets = (
				35D2A5D12E4BA93C004BCF95 /* ToDoTracker */,
				35D2A5EA2E4BA940004BCF95 /* ToDoTrackerTests */,
				35D2A5F42E4BA940004BCF95 /* ToDoTrackerUITests */,
			);
		};
/* End PBXProject section */

/* Begin PBXResourcesBuildPhase section */
		35D2A5D02E4BA93C004BCF95 /* Resources */ = {
			isa = PBXResourcesBuildPhase;
			buildActionMask = 2147483647;
			files = (
				35D2A6132E4BB39C004BCF95 /* Assets.xcassets in Resources */,
				35D2A6202E4BB3D7004BCF95 /* LaunchScreen.storyboard in Resources */,
			);
			runOnlyForDeploymentPostprocessing = 0;
		};
		35D2A5E92E4BA940004BCF95 /* Resources */ = {
			isa = PBXResourcesBuildPhase;
			buildActionMask = 2147483647;
			files = (
			);
			runOnlyForDeploymentPostprocessing = 0;
		};
		35D2A5F32E4BA940004BCF95 /* Resources */ = {
			isa = PBXResourcesBuildPhase;
			buildActionMask = 2147483647;
			files = (
			);
			runOnlyForDeploymentPostprocessing = 0;
		};
/* End PBXResourcesBuildPhase section */

/* Begin PBXSourcesBuildPhase section */
		35D2A5CE2E4BA93C004BCF95 /* Sources */ = {
			isa = PBXSourcesBuildPhase;
			buildActionMask = 2147483647;
			files = (
				35D2A6352E4BD2F5004BCF95 /* NetworkService.swift in Sources */,
				35D2A6292E4BB873004BCF95 /* CoreDataStack.swift in Sources */,
				35D2A6632E4BFAF0004BCF95 /* TaskTableViewCell.swift in Sources */,
				35D2A65F2E4BF8F0004BCF95 /* TaskEntity+CoreDataClass.swift in Sources */,
				35D2A6602E4BF8F0004BCF95 /* TaskEntity+CoreDataProperties.swift in Sources */,
				35D2A6442E4BD551004BCF95 /* TaskViewController.swift in Sources */,
				35D2A6272E4BB7BC004BCF95 /* TaskModel.swift in Sources */,
				35D2A6382E4BD399004BCF95 /* TaskViewProtocol.swift in Sources */,
				35D2A63C2E4BD417004BCF95 /* TaskInteractor.swift in Sources */,
				35D2A6212E4BB3D7004BCF95 /* AppDelegate.swift in Sources */,
				35D2A6422E4BD53E004BCF95 /* TaskRouter.swift in Sources */,
				35D2A63F2E4BD433004BCF95 /* TaskPresenter.swift in Sources */,
				35D2A65A2E4BF83F004BCF95 /* ToDoModel.xcdatamodeld in Sources */,
				35D2A6222E4BB3D7004BCF95 /* SceneDelegate.swift in Sources */,
				35D2A6252E4BB78B004BCF95 /* ApiModel.swift in Sources */,
			);
			runOnlyForDeploymentPostprocessing = 0;
		};
		35D2A5E72E4BA940004BCF95 /* Sources */ = {
			isa = PBXSourcesBuildPhase;
			buildActionMask = 2147483647;
			files = (
				35D2A6642E4BFAF0004BCF95 /* TaskTableViewCell.swift in Sources */,
				35D2A6412E4BD53E004BCF95 /* TaskRouter.swift in Sources */,
				35D2A63B2E4BD417004BCF95 /* TaskInteractor.swift in Sources */,
				35D2A65D2E4BF8F0004BCF95 /* TaskEntity+CoreDataClass.swift in Sources */,
				35D2A65E2E4BF8F0004BCF95 /* TaskEntity+CoreDataProperties.swift in Sources */,
				35D2A63E2E4BD433004BCF95 /* TaskPresenter.swift in Sources */,
				35D2A6452E4BD551004BCF95 /* TaskViewController.swift in Sources */,
				35D2A6392E4BD399004BCF95 /* TaskViewProtocol.swift in Sources */,
			);
			runOnlyForDeploymentPostprocessing = 0;
		};
		35D2A5F12E4BA940004BCF95 /* Sources */ = {
			isa = PBXSourcesBuildPhase;
			buildActionMask = 2147483647;
			files = (
			);
			runOnlyForDeploymentPostprocessing = 0;
		};
/* End PBXSourcesBuildPhase section */

/* Begin PBXTargetDependency section */
		35D2A5ED2E4BA940004BCF95 /* PBXTargetDependency */ = {
			isa = PBXTargetDependency;
			target = 35D2A5D12E4BA93C004BCF95 /* ToDoTracker */;
			targetProxy = 35D2A5EC2E4BA940004BCF95 /* PBXContainerItemProxy */;
		};
		35D2A5F72E4BA940004BCF95 /* PBXTargetDependency */ = {
			isa = PBXTargetDependency;
			target = 35D2A5D12E4BA93C004BCF95 /* ToDoTracker */;
			targetProxy = 35D2A5F62E4BA940004BCF95 /* PBXContainerItemProxy */;
		};
/* End PBXTargetDependency section */

/* Begin PBXVariantGroup section */
		35D2A61D2E4BB3D7004BCF95 /* LaunchScreen.storyboard */ = {
			isa = PBXVariantGroup;
			children = (
				35D2A61C2E4BB3D7004BCF95 /* Base */,
			);
			name = LaunchScreen.storyboard;
			sourceTree = "<group>";
		};
/* End PBXVariantGroup section */

/* Begin XCBuildConfiguration section */
		35D2A5FF2E4BA940004BCF95 /* Debug */ = {
			isa = XCBuildConfiguration;
			buildSettings = {
				ASSETCATALOG_COMPILER_APPICON_NAME = AppIcon;
				ASSETCATALOG_COMPILER_GLOBAL_ACCENT_COLOR_NAME = AccentColor;
				CODE_SIGN_STYLE = Automatic;
				CURRENT_PROJECT_VERSION = 1;
				DEVELOPMENT_TEAM = 77F67STQ66;
				GENERATE_INFOPLIST_FILE = YES;
				INFOPLIST_FILE = ToDoTracker/Info.plist;
				INFOPLIST_KEY_UIApplicationSupportsIndirectInputEvents = YES;
				INFOPLIST_KEY_UILaunchStoryboardName = LaunchScreen;
				INFOPLIST_KEY_UISupportedInterfaceOrientations_iPad = "UIInterfaceOrientationPortrait UIInterfaceOrientationPortraitUpsideDown UIInterfaceOrientationLandscapeLeft UIInterfaceOrientationLandscapeRight";
				INFOPLIST_KEY_UISupportedInterfaceOrientations_iPhone = "UIInterfaceOrientationPortrait UIInterfaceOrientationLandscapeLeft UIInterfaceOrientationLandscapeRight";
				LD_RUNPATH_SEARCH_PATHS = (
					"$(inherited)",
					"@executable_path/Frameworks",
				);
				MARKETING_VERSION = 1.0;
				PRODUCT_BUNDLE_IDENTIFIER = maxpnz.ToDoTracker;
				PRODUCT_NAME = "$(TARGET_NAME)";
				SWIFT_EMIT_LOC_STRINGS = YES;
				SWIFT_VERSION = 5.0;
				TARGETED_DEVICE_FAMILY = "1,2";
			};
			name = Debug;
		};
		35D2A6002E4BA940004BCF95 /* Release */ = {
			isa = XCBuildConfiguration;
			buildSettings = {
				ASSETCATALOG_COMPILER_APPICON_NAME = AppIcon;
				ASSETCATALOG_COMPILER_GLOBAL_ACCENT_COLOR_NAME = AccentColor;
				CODE_SIGN_STYLE = Automatic;
				CURRENT_PROJECT_VERSION = 1;
				DEVELOPMENT_TEAM = 77F67STQ66;
				GENERATE_INFOPLIST_FILE = YES;
				INFOPLIST_FILE = ToDoTracker/Info.plist;
				INFOPLIST_KEY_UIApplicationSupportsIndirectInputEvents = YES;
				INFOPLIST_KEY_UILaunchStoryboardName = LaunchScreen;
				INFOPLIST_KEY_UISupportedInterfaceOrientations_iPad = "UIInterfaceOrientationPortrait UIInterfaceOrientationPortraitUpsideDown UIInterfaceOrientationLandscapeLeft UIInterfaceOrientationLandscapeRight";
				INFOPLIST_KEY_UISupportedInterfaceOrientations_iPhone = "UIInterfaceOrientationPortrait UIInterfaceOrientationLandscapeLeft UIInterfaceOrientationLandscapeRight";
				LD_RUNPATH_SEARCH_PATHS = (
					"$(inherited)",
					"@executable_path/Frameworks",
				);
				MARKETING_VERSION = 1.0;
				PRODUCT_BUNDLE_IDENTIFIER = maxpnz.ToDoTracker;
				PRODUCT_NAME = "$(TARGET_NAME)";
				SWIFT_EMIT_LOC_STRINGS = YES;
				SWIFT_VERSION = 5.0;
				TARGETED_DEVICE_FAMILY = "1,2";
			};
			name = Release;
		};
		35D2A6012E4BA940004BCF95 /* Debug */ = {
			isa = XCBuildConfiguration;
			buildSettings = {
				ALWAYS_SEARCH_USER_PATHS = NO;
				ASSETCATALOG_COMPILER_GENERATE_SWIFT_ASSET_SYMBOL_EXTENSIONS = YES;
				CLANG_ANALYZER_NONNULL = YES;
				CLANG_ANALYZER_NUMBER_OBJECT_CONVERSION = YES_AGGRESSIVE;
				CLANG_CXX_LANGUAGE_STANDARD = "gnu++20";
				CLANG_ENABLE_MODULES = YES;
				CLANG_ENABLE_OBJC_ARC = YES;
				CLANG_ENABLE_OBJC_WEAK = YES;
				CLANG_WARN_BLOCK_CAPTURE_AUTORELEASING = YES;
				CLANG_WARN_BOOL_CONVERSION = YES;
				CLANG_WARN_COMMA = YES;
				CLANG_WARN_CONSTANT_CONVERSION = YES;
				CLANG_WARN_DEPRECATED_OBJC_IMPLEMENTATIONS = YES;
				CLANG_WARN_DIRECT_OBJC_ISA_USAGE = YES_ERROR;
				CLANG_WARN_DOCUMENTATION_COMMENTS = YES;
				CLANG_WARN_EMPTY_BODY = YES;
				CLANG_WARN_ENUM_CONVERSION = YES;
				CLANG_WARN_INFINITE_RECURSION = YES;
				CLANG_WARN_INT_CONVERSION = YES;
				CLANG_WARN_NON_LITERAL_NULL_CONVERSION = YES;
				CLANG_WARN_OBJC_IMPLICIT_RETAIN_SELF = YES;
				CLANG_WARN_OBJC_LITERAL_CONVERSION = YES;
				CLANG_WARN_OBJC_ROOT_CLASS = YES_ERROR;
				CLANG_WARN_QUOTED_INCLUDE_IN_FRAMEWORK_HEADER = YES;
				CLANG_WARN_RANGE_LOOP_ANALYSIS = YES;
				CLANG_WARN_STRICT_PROTOTYPES = YES;
				CLANG_WARN_SUSPICIOUS_MOVE = YES;
				CLANG_WARN_UNGUARDED_AVAILABILITY = YES_AGGRESSIVE;
				CLANG_WARN_UNREACHABLE_CODE = YES;
				CLANG_WARN__DUPLICATE_METHOD_MATCH = YES;
				COPY_PHASE_STRIP = NO;
				DEBUG_INFORMATION_FORMAT = dwarf;
				DEVELOPMENT_TEAM = 77F67STQ66;
				ENABLE_STRICT_OBJC_MSGSEND = YES;
				ENABLE_TESTABILITY = YES;
				ENABLE_USER_SCRIPT_SANDBOXING = YES;
				GCC_C_LANGUAGE_STANDARD = gnu17;
				GCC_DYNAMIC_NO_PIC = NO;
				GCC_NO_COMMON_BLOCKS = YES;
				GCC_OPTIMIZATION_LEVEL = 0;
				GCC_PREPROCESSOR_DEFINITIONS = (
					"DEBUG=1",
					"$(inherited)",
				);
				GCC_WARN_64_TO_32_BIT_CONVERSION = YES;
				GCC_WARN_ABOUT_RETURN_TYPE = YES_ERROR;
				GCC_WARN_UNDECLARED_SELECTOR = YES;
				GCC_WARN_UNINITIALIZED_AUTOS = YES_AGGRESSIVE;
				GCC_WARN_UNUSED_FUNCTION = YES;
				GCC_WARN_UNUSED_VARIABLE = YES;
				IPHONEOS_DEPLOYMENT_TARGET = 18.5;
				LOCALIZATION_PREFERS_STRING_CATALOGS = YES;
				MTL_ENABLE_DEBUG_INFO = INCLUDE_SOURCE;
				MTL_FAST_MATH = YES;
				ONLY_ACTIVE_ARCH = YES;
				SDKROOT = iphoneos;
				SWIFT_ACTIVE_COMPILATION_CONDITIONS = "DEBUG $(inherited)";
				SWIFT_OPTIMIZATION_LEVEL = "-Onone";
			};
			name = Debug;
		};
		35D2A6022E4BA940004BCF95 /* Release */ = {
			isa = XCBuildConfiguration;
			buildSettings = {
				ALWAYS_SEARCH_USER_PATHS = NO;
				ASSETCATALOG_COMPILER_GENERATE_SWIFT_ASSET_SYMBOL_EXTENSIONS = YES;
				CLANG_ANALYZER_NONNULL = YES;
				CLANG_ANALYZER_NUMBER_OBJECT_CONVERSION = YES_AGGRESSIVE;
				CLANG_CXX_LANGUAGE_STANDARD = "gnu++20";
				CLANG_ENABLE_MODULES = YES;
				CLANG_ENABLE_OBJC_ARC = YES;
				CLANG_ENABLE_OBJC_WEAK = YES;
				CLANG_WARN_BLOCK_CAPTURE_AUTORELEASING = YES;
				CLANG_WARN_BOOL_CONVERSION = YES;
				CLANG_WARN_COMMA = YES;
				CLANG_WARN_CONSTANT_CONVERSION = YES;
				CLANG_WARN_DEPRECATED_OBJC_IMPLEMENTATIONS = YES;
				CLANG_WARN_DIRECT_OBJC_ISA_USAGE = YES_ERROR;
				CLANG_WARN_DOCUMENTATION_COMMENTS = YES;
				CLANG_WARN_EMPTY_BODY = YES;
				CLANG_WARN_ENUM_CONVERSION = YES;
				CLANG_WARN_INFINITE_RECURSION = YES;
				CLANG_WARN_INT_CONVERSION = YES;
				CLANG_WARN_NON_LITERAL_NULL_CONVERSION = YES;
				CLANG_WARN_OBJC_IMPLICIT_RETAIN_SELF = YES;
				CLANG_WARN_OBJC_LITERAL_CONVERSION = YES;
				CLANG_WARN_OBJC_ROOT_CLASS = YES_ERROR;
				CLANG_WARN_QUOTED_INCLUDE_IN_FRAMEWORK_HEADER = YES;
				CLANG_WARN_RANGE_LOOP_ANALYSIS = YES;
				CLANG_WARN_STRICT_PROTOTYPES = YES;
				CLANG_WARN_SUSPICIOUS_MOVE = YES;
				CLANG_WARN_UNGUARDED_AVAILABILITY = YES_AGGRESSIVE;
				CLANG_WARN_UNREACHABLE_CODE = YES;
				CLANG_WARN__DUPLICATE_METHOD_MATCH = YES;
				COPY_PHASE_STRIP = NO;
				DEBUG_INFORMATION_FORMAT = "dwarf-with-dsym";
				DEVELOPMENT_TEAM = 77F67STQ66;
				ENABLE_NS_ASSERTIONS = NO;
				ENABLE_STRICT_OBJC_MSGSEND = YES;
				ENABLE_USER_SCRIPT_SANDBOXING = YES;
				GCC_C_LANGUAGE_STANDARD = gnu17;
				GCC_NO_COMMON_BLOCKS = YES;
				GCC_WARN_64_TO_32_BIT_CONVERSION = YES;
				GCC_WARN_ABOUT_RETURN_TYPE = YES_ERROR;
				GCC_WARN_UNDECLARED_SELECTOR = YES;
				GCC_WARN_UNINITIALIZED_AUTOS = YES_AGGRESSIVE;
				GCC_WARN_UNUSED_FUNCTION = YES;
				GCC_WARN_UNUSED_VARIABLE = YES;
				IPHONEOS_DEPLOYMENT_TARGET = 18.5;
				LOCALIZATION_PREFERS_STRING_CATALOGS = YES;
				MTL_ENABLE_DEBUG_INFO = NO;
				MTL_FAST_MATH = YES;
				SDKROOT = iphoneos;
				SWIFT_COMPILATION_MODE = wholemodule;
				VALIDATE_PRODUCT = YES;
			};
			name = Release;
		};
		35D2A6042E4BA940004BCF95 /* Debug */ = {
			isa = XCBuildConfiguration;
			buildSettings = {
				BUNDLE_LOADER = "$(TEST_HOST)";
				CODE_SIGN_STYLE = Automatic;
				CURRENT_PROJECT_VERSION = 1;
				DEVELOPMENT_TEAM = 77F67STQ66;
				GENERATE_INFOPLIST_FILE = YES;
				IPHONEOS_DEPLOYMENT_TARGET = 18.5;
				MARKETING_VERSION = 1.0;
				PRODUCT_BUNDLE_IDENTIFIER = maxpnz.ToDoTrackerTests;
				PRODUCT_NAME = "$(TARGET_NAME)";
				SWIFT_EMIT_LOC_STRINGS = NO;
				SWIFT_VERSION = 5.0;
				TARGETED_DEVICE_FAMILY = "1,2";
				TEST_HOST = "$(BUILT_PRODUCTS_DIR)/ToDoTracker.app/$(BUNDLE_EXECUTABLE_FOLDER_PATH)/ToDoTracker";
			};
			name = Debug;
		};
		35D2A6052E4BA940004BCF95 /* Release */ = {
			isa = XCBuildConfiguration;
			buildSettings = {
				BUNDLE_LOADER = "$(TEST_HOST)";
				CODE_SIGN_STYLE = Automatic;
				CURRENT_PROJECT_VERSION = 1;
				DEVELOPMENT_TEAM = 77F67STQ66;
				GENERATE_INFOPLIST_FILE = YES;
				IPHONEOS_DEPLOYMENT_TARGET = 18.5;
				MARKETING_VERSION = 1.0;
				PRODUCT_BUNDLE_IDENTIFIER = maxpnz.ToDoTrackerTests;
				PRODUCT_NAME = "$(TARGET_NAME)";
				SWIFT_EMIT_LOC_STRINGS = NO;
				SWIFT_VERSION = 5.0;
				TARGETED_DEVICE_FAMILY = "1,2";
				TEST_HOST = "$(BUILT_PRODUCTS_DIR)/ToDoTracker.app/$(BUNDLE_EXECUTABLE_FOLDER_PATH)/ToDoTracker";
			};
			name = Release;
		};
		35D2A6072E4BA940004BCF95 /* Debug */ = {
			isa = XCBuildConfiguration;
			buildSettings = {
				CODE_SIGN_STYLE = Automatic;
				CURRENT_PROJECT_VERSION = 1;
				DEVELOPMENT_TEAM = 77F67STQ66;
				GENERATE_INFOPLIST_FILE = YES;
				MARKETING_VERSION = 1.0;
				PRODUCT_BUNDLE_IDENTIFIER = maxpnz.ToDoTrackerUITests;
				PRODUCT_NAME = "$(TARGET_NAME)";
				SWIFT_EMIT_LOC_STRINGS = NO;
				SWIFT_VERSION = 5.0;
				TARGETED_DEVICE_FAMILY = "1,2";
				TEST_TARGET_NAME = ToDoTracker;
			};
			name = Debug;
		};
		35D2A6082E4BA940004BCF95 /* Release */ = {
			isa = XCBuildConfiguration;
			buildSettings = {
				CODE_SIGN_STYLE = Automatic;
				CURRENT_PROJECT_VERSION = 1;
				DEVELOPMENT_TEAM = 77F67STQ66;
				GENERATE_INFOPLIST_FILE = YES;
				MARKETING_VERSION = 1.0;
				PRODUCT_BUNDLE_IDENTIFIER = maxpnz.ToDoTrackerUITests;
				PRODUCT_NAME = "$(TARGET_NAME)";
				SWIFT_EMIT_LOC_STRINGS = NO;
				SWIFT_VERSION = 5.0;
				TARGETED_DEVICE_FAMILY = "1,2";
				TEST_TARGET_NAME = ToDoTracker;
			};
			name = Release;
		};
/* End XCBuildConfiguration section */

/* Begin XCConfigurationList section */
		35D2A5CD2E4BA93C004BCF95 /* Build configuration list for PBXProject "ToDoTracker" */ = {
			isa = XCConfigurationList;
			buildConfigurations = (
				35D2A6012E4BA940004BCF95 /* Debug */,
				35D2A6022E4BA940004BCF95 /* Release */,
			);
			defaultConfigurationIsVisible = 0;
			defaultConfigurationName = Release;
		};
		35D2A5FE2E4BA940004BCF95 /* Build configuration list for PBXNativeTarget "ToDoTracker" */ = {
			isa = XCConfigurationList;
			buildConfigurations = (
				35D2A5FF2E4BA940004BCF95 /* Debug */,
				35D2A6002E4BA940004BCF95 /* Release */,
			);
			defaultConfigurationIsVisible = 0;
			defaultConfigurationName = Release;
		};
		35D2A6032E4BA940004BCF95 /* Build configuration list for PBXNativeTarget "ToDoTrackerTests" */ = {
			isa = XCConfigurationList;
			buildConfigurations = (
				35D2A6042E4BA940004BCF95 /* Debug */,
				35D2A6052E4BA940004BCF95 /* Release */,
			);
			defaultConfigurationIsVisible = 0;
			defaultConfigurationName = Release;
		};
		35D2A6062E4BA940004BCF95 /* Build configuration list for PBXNativeTarget "ToDoTrackerUITests" */ = {
			isa = XCConfigurationList;
			buildConfigurations = (
				35D2A6072E4BA940004BCF95 /* Debug */,
				35D2A6082E4BA940004BCF95 /* Release */,
			);
			defaultConfigurationIsVisible = 0;
			defaultConfigurationName = Release;
		};
/* End XCConfigurationList section */

/* Begin XCVersionGroup section */
		35D2A6582E4BF83F004BCF95 /* ToDoModel.xcdatamodeld */ = {
			isa = XCVersionGroup;
			children = (
				35D2A6592E4BF83F004BCF95 /* ToDoModel.xcdatamodel */,
			);
			currentVersion = 35D2A6592E4BF83F004BCF95 /* ToDoModel.xcdatamodel */;
			path = ToDoModel.xcdatamodeld;
			sourceTree = "<group>";
			versionGroupType = wrapper.xcdatamodel;
		};
/* End XCVersionGroup section */
	};
	rootObject = 35D2A5CA2E4BA93C004BCF95 /* Project object */;
}
